{
  "name": "user-test",
  "version": "1.0.0",
  "lockfileVersion": 1,
  "requires": true,
  "dependencies": {
    "avmp": {
      "version": "1.0.2",
      "resolved": "https://registry.npmjs.org/avmp/-/avmp-1.0.2.tgz",
      "integrity": "sha512-2y1nOymuGISfZot4Y5y834MlLSrKAYum9cjnyzQZx0eRNV3iCaL9V7Ocg6kJGbl8v8wZbSaHYfzm6rBqGM11Cw=="
    },
    "npm-scan": {
      "version": "git+https://github.com/spaceraccoon/npm-scan.git#4850592b84414439aea969b30a01b6b0dbc5aeef",
      "from": "git+https://github.com/spaceraccoon/npm-scan.git"
    }
  }
}
