{
  "name": "user-test",
  "version": "1.0.0",
  "lockfileVersion": 1,
  "requires": true,
  "dependencies": {
    "avmp": {
      "version": "1.0.1",
      "resolved": "https://registry.npmjs.org/avmp/-/avmp-1.0.1.tgz",
      "integrity": "sha512-sc14ACko3If4XTfFlyXObYW1UDdSrfN9lsdJrMDWhJNoVZ8NBayqP/5ZcZOx8+vmKM+yARQF1qZ/ALadTMCjjQ=="
    },
    "npm-scan": {
      "version": "git+https://github.com/spaceraccoon/npm-scan.git#1ab295e21fb9710a3e13e303c9014d684a7d995f",
      "from": "git+https://github.com/spaceraccoon/npm-scan.git"
    }
  }
}
