{
  "name": "user-test",
  "version": "1.0.0",
  "lockfileVersion": 1,
  "requires": true,
  "dependencies": {
    "avmp": {
      "version": "git+https://github.com/bernlim93/VMP.git#81ad22050c7d640efde9c38ac5ba3a91440338e3",
      "from": "git+https://github.com/bernlim93/VMP.git"
    },
    "npm-scan": {
      "version": "git+https://github.com/spaceraccoon/npm-scan.git#4850592b84414439aea969b30a01b6b0dbc5aeef",
      "from": "git+https://github.com/spaceraccoon/npm-scan.git"
    }
  }
}
